// !$*UTF8*$!
{
	archiveVersion = 1;
	classes = {
	};
	objectVersion = 50;
	objects = {

/* Begin PBXBuildFile section */
		FA24A32726527B1E00B7488C /* AppDelegate.swift in Sources */ = {isa = PBXBuildFile; fileRef = FA24A32626527B1E00B7488C /* AppDelegate.swift */; };
		FA24A32926527B1E00B7488C /* SceneDelegate.swift in Sources */ = {isa = PBXBuildFile; fileRef = FA24A32826527B1E00B7488C /* SceneDelegate.swift */; };
		FA24A32E26527B1E00B7488C /* Main.storyboard in Resources */ = {isa = PBXBuildFile; fileRef = FA24A32C26527B1E00B7488C /* Main.storyboard */; };
		FA24A33126527B1E00B7488C /* LocationNote.xcdatamodeld in Sources */ = {isa = PBXBuildFile; fileRef = FA24A32F26527B1E00B7488C /* LocationNote.xcdatamodeld */; };
		FA24A33326527B1F00B7488C /* Assets.xcassets in Resources */ = {isa = PBXBuildFile; fileRef = FA24A33226527B1F00B7488C /* Assets.xcassets */; };
		FA24A33626527B1F00B7488C /* LaunchScreen.storyboard in Resources */ = {isa = PBXBuildFile; fileRef = FA24A33426527B1F00B7488C /* LaunchScreen.storyboard */; };
/* End PBXBuildFile section */

/* Begin PBXFileReference section */
		FA24A32326527B1E00B7488C /* LocationNote.app */ = {isa = PBXFileReference; explicitFileType = wrapper.application; includeInIndex = 0; path = LocationNote.app; sourceTree = BUILT_PRODUCTS_DIR; };
		FA24A32626527B1E00B7488C /* AppDelegate.swift */ = {isa = PBXFileReference; lastKnownFileType = sourcecode.swift; path = AppDelegate.swift; sourceTree = "<group>"; };
		FA24A32826527B1E00B7488C /* SceneDelegate.swift */ = {isa = PBXFileReference; lastKnownFileType = sourcecode.swift; path = SceneDelegate.swift; sourceTree = "<group>"; };
		FA24A32D26527B1E00B7488C /* Base */ = {isa = PBXFileReference; lastKnownFileType = file.storyboard; name = Base; path = Base.lproj/Main.storyboard; sourceTree = "<group>"; };
		FA24A33026527B1E00B7488C /* LocationNote.xcdatamodel */ = {isa = PBXFileReference; lastKnownFileType = wrapper.xcdatamodel; path = LocationNote.xcdatamodel; sourceTree = "<group>"; };
		FA24A33226527B1F00B7488C /* Assets.xcassets */ = {isa = PBXFileReference; lastKnownFileType = folder.assetcatalog; path = Assets.xcassets; sourceTree = "<group>"; };
		FA24A33526527B1F00B7488C /* Base */ = {isa = PBXFileReference; lastKnownFileType = file.storyboard; name = Base; path = Base.lproj/LaunchScreen.storyboard; sourceTree = "<group>"; };
		FA24A33726527B1F00B7488C /* Info.plist */ = {isa = PBXFileReference; lastKnownFileType = text.plist.xml; path = Info.plist; sourceTree = "<group>"; };
/* End PBXFileReference section */

/* Begin PBXFrameworksBuildPhase section */
		FA24A32026527B1E00B7488C /* Frameworks */ = {
			isa = PBXFrameworksBuildPhase;
			buildActionMask = 2147483647;
			files = (
			);
			runOnlyForDeploymentPostprocessing = 0;
		};
/* End PBXFrameworksBuildPhase section */

/* Begin PBXGroup section */
		FA24A31A26527B1E00B7488C = {
			isa = PBXGroup;
			children = (
				FA24A32526527B1E00B7488C /* LocationNote */,
				FA24A32426527B1E00B7488C /* Products */,
			);
			sourceTree = "<group>";
		};
		FA24A32426527B1E00B7488C /* Products */ = {
			isa = PBXGroup;
			children = (
				FA24A32326527B1E00B7488C /* LocationNote.app */,
			);
			name = Products;
			sourceTree = "<group>";
		};
		FA24A32526527B1E00B7488C /* LocationNote */ = {
			isa = PBXGroup;
			children = (
				FA24A32626527B1E00B7488C /* AppDelegate.swift */,
				FA24A32826527B1E00B7488C /* SceneDelegate.swift */,
				FA24A32C26527B1E00B7488C /* Main.storyboard */,
				FA24A33226527B1F00B7488C /* Assets.xcassets */,
				FA24A33426527B1F00B7488C /* LaunchScreen.storyboard */,
				FA24A33726527B1F00B7488C /* Info.plist */,
				FA24A32F26527B1E00B7488C /* LocationNote.xcdatamodeld */,
			);
			path = LocationNote;
			sourceTree = "<group>";
		};
/* End PBXGroup section */

/* Begin PBXNativeTarget section */
		FA24A32226527B1E00B7488C /* LocationNote */ = {
			isa = PBXNativeTarget;
			buildConfigurationList = FA24A33A26527B1F00B7488C /* Build configuration list for PBXNativeTarget "LocationNote" */;
			buildPhases = (
				FA24A31F26527B1E00B7488C /* Sources */,
				FA24A32026527B1E00B7488C /* Frameworks */,
				FA24A32126527B1E00B7488C /* Resources */,
			);
			buildRules = (
			);
			dependencies = (
			);
			name = LocationNote;
			productName = LocationNote;
			productReference = FA24A32326527B1E00B7488C /* LocationNote.app */;
			productType = "com.apple.product-type.application";
		};
/* End PBXNativeTarget section */

/* Begin PBXProject section */
		FA24A31B26527B1E00B7488C /* Project object */ = {
			isa = PBXProject;
			attributes = {
				LastSwiftUpdateCheck = 1250;
				LastUpgradeCheck = 1250;
				TargetAttributes = {
					FA24A32226527B1E00B7488C = {
						CreatedOnToolsVersion = 12.5;
					};
				};
			};
			buildConfigurationList = FA24A31E26527B1E00B7488C /* Build configuration list for PBXProject "LocationNote" */;
			compatibilityVersion = "Xcode 9.3";
			developmentRegion = en;
			hasScannedForEncodings = 0;
			knownRegions = (
				en,
				Base,
			);
			mainGroup = FA24A31A26527B1E00B7488C;
			productRefGroup = FA24A32426527B1E00B7488C /* Products */;
			projectDirPath = "";
			projectRoot = "";
			targets = (
				FA24A32226527B1E00B7488C /* LocationNote */,
			);
		};
/* End PBXProject section */

/* Begin PBXResourcesBuildPhase section */
		FA24A32126527B1E00B7488C /* Resources */ = {
			isa = PBXResourcesBuildPhase;
			buildActionMask = 2147483647;
			files = (
				FA24A33626527B1F00B7488C /* LaunchScreen.storyboard in Resources */,
				FA24A33326527B1F00B7488C /* Assets.xcassets in Resources */,
				FA24A32E26527B1E00B7488C /* Main.storyboard in Resources */,
			);
			runOnlyForDeploymentPostprocessing = 0;
		};
/* End PBXResourcesBuildPhase section */

/* Begin PBXSourcesBuildPhase section */
		FA24A31F26527B1E00B7488C /* Sources */ = {
			isa = PBXSourcesBuildPhase;
			buildActionMask = 2147483647;
			files = (
				FA24A33126527B1E00B7488C /* LocationNote.xcdatamodeld in Sources */,
				FA24A32726527B1E00B7488C /* AppDelegate.swift in Sources */,
				FA24A32926527B1E00B7488C /* SceneDelegate.swift in Sources */,
			);
			runOnlyForDeploymentPostprocessing = 0;
		};
/* End PBXSourcesBuildPhase section */

/* Begin PBXVariantGroup section */
		FA24A32C26527B1E00B7488C /* Main.storyboard */ = {
			isa = PBXVariantGroup;
			children = (
				FA24A32D26527B1E00B7488C /* Base */,
			);
			name = Main.storyboard;
			sourceTree = "<group>";
		};
		FA24A33426527B1F00B7488C /* LaunchScreen.storyboard */ = {
			isa = PBXVariantGroup;
			children = (
				FA24A33526527B1F00B7488C /* Base */,
			);
			name = LaunchScreen.storyboard;
			sourceTree = "<group>";
		};
/* End PBXVariantGroup section */

/* Begin XCBuildConfiguration section */
		FA24A33826527B1F00B7488C /* Debug */ = {
			isa = XCBuildConfiguration;
			buildSettings = {
				ALWAYS_SEARCH_USER_PATHS = NO;
				CLANG_ANALYZER_NONNULL = YES;
				CLANG_ANALYZER_NUMBER_OBJECT_CONVERSION = YES_AGGRESSIVE;
				CLANG_CXX_LANGUAGE_STANDARD = "gnu++14";
				CLANG_CXX_LIBRARY = "libc++";
				CLANG_ENABLE_MODULES = YES;
				CLANG_ENABLE_OBJC_ARC = YES;
				CLANG_ENABLE_OBJC_WEAK = YES;
				CLANG_WARN_BLOCK_CAPTURE_AUTORELEASING = YES;
				CLANG_WARN_BOOL_CONVERSION = YES;
				CLANG_WARN_COMMA = YES;
				CLANG_WARN_CONSTANT_CONVERSION = YES;
				CLANG_WARN_DEPRECATED_OBJC_IMPLEMENTATIONS = YES;
				CLANG_WARN_DIRECT_OBJC_ISA_USAGE = YES_ERROR;
				CLANG_WARN_DOCUMENTATION_COMMENTS = YES;
				CLANG_WARN_EMPTY_BODY = YES;
				CLANG_WARN_ENUM_CONVERSION = YES;
				CLANG_WARN_INFINITE_RECURSION = YES;
				CLANG_WARN_INT_CONVERSION = YES;
				CLANG_WARN_NON_LITERAL_NULL_CONVERSION = YES;
				CLANG_WARN_OBJC_IMPLICIT_RETAIN_SELF = YES;
				CLANG_WARN_OBJC_LITERAL_CONVERSION = YES;
				CLANG_WARN_OBJC_ROOT_CLASS = YES_ERROR;
				CLANG_WARN_QUOTED_INCLUDE_IN_FRAMEWORK_HEADER = YES;
				CLANG_WARN_RANGE_LOOP_ANALYSIS = YES;
				CLANG_WARN_STRICT_PROTOTYPES = YES;
				CLANG_WARN_SUSPICIOUS_MOVE = YES;
				CLANG_WARN_UNGUARDED_AVAILABILITY = YES_AGGRESSIVE;
				CLANG_WARN_UNREACHABLE_CODE = YES;
				CLANG_WARN__DUPLICATE_METHOD_MATCH = YES;
				COPY_PHASE_STRIP = NO;
				DEBUG_INFORMATION_FORMAT = dwarf;
				ENABLE_STRICT_OBJC_MSGSEND = YES;
				ENABLE_TESTABILITY = YES;
				GCC_C_LANGUAGE_STANDARD = gnu11;
				GCC_DYNAMIC_NO_PIC = NO;
				GCC_NO_COMMON_BLOCKS = YES;
				GCC_OPTIMIZATION_LEVEL = 0;
				GCC_PREPROCESSOR_DEFINITIONS = (
					"DEBUG=1",
					"$(inherited)",
				);
				GCC_WARN_64_TO_32_BIT_CONVERSION = YES;
				GCC_WARN_ABOUT_RETURN_TYPE = YES_ERROR;
				GCC_WARN_UNDECLARED_SELECTOR = YES;
				GCC_WARN_UNINITIALIZED_AUTOS = YES_AGGRESSIVE;
				GCC_WARN_UNUSED_FUNCTION = YES;
				GCC_WARN_UNUSED_VARIABLE = YES;
				IPHONEOS_DEPLOYMENT_TARGET = 14.5;
				MTL_ENABLE_DEBUG_INFO = INCLUDE_SOURCE;
				MTL_FAST_MATH = YES;
				ONLY_ACTIVE_ARCH = YES;
				SDKROOT = iphoneos;
				SWIFT_ACTIVE_COMPILATION_CONDITIONS = DEBUG;
				SWIFT_OPTIMIZATION_LEVEL = "-Onone";
			};
			name = Debug;
		};
		FA24A33926527B1F00B7488C /* Release */ = {
			isa = XCBuildConfiguration;
			buildSettings = {
				ALWAYS_SEARCH_USER_PATHS = NO;
				CLANG_ANALYZER_NONNULL = YES;
				CLANG_ANALYZER_NUMBER_OBJECT_CONVERSION = YES_AGGRESSIVE;
				CLANG_CXX_LANGUAGE_STANDARD = "gnu++14";
				CLANG_CXX_LIBRARY = "libc++";
				CLANG_ENABLE_MODULES = YES;
				CLANG_ENABLE_OBJC_ARC = YES;
				CLANG_ENABLE_OBJC_WEAK = YES;
				CLANG_WARN_BLOCK_CAPTURE_AUTORELEASING = YES;
				CLANG_WARN_BOOL_CONVERSION = YES;
				CLANG_WARN_COMMA = YES;
				CLANG_WARN_CONSTANT_CONVERSION = YES;
				CLANG_WARN_DEPRECATED_OBJC_IMPLEMENTATIONS = YES;
				CLANG_WARN_DIRECT_OBJC_ISA_USAGE = YES_ERROR;
				CLANG_WARN_DOCUMENTATION_COMMENTS = YES;
				CLANG_WARN_EMPTY_BODY = YES;
				CLANG_WARN_ENUM_CONVERSION = YES;
				CLANG_WARN_INFINITE_RECURSION = YES;
				CLANG_WARN_INT_CONVERSION = YES;
				CLANG_WARN_NON_LITERAL_NULL_CONVERSION = YES;
				CLANG_WARN_OBJC_IMPLICIT_RETAIN_SELF = YES;
				CLANG_WARN_OBJC_LITERAL_CONVERSION = YES;
				CLANG_WARN_OBJC_ROOT_CLASS = YES_ERROR;
				CLANG_WARN_QUOTED_INCLUDE_IN_FRAMEWORK_HEADER = YES;
				CLANG_WARN_RANGE_LOOP_ANALYSIS = YES;
				CLANG_WARN_STRICT_PROTOTYPES = YES;
				CLANG_WARN_SUSPICIOUS_MOVE = YES;
				CLANG_WARN_UNGUARDED_AVAILABILITY = YES_AGGRESSIVE;
				CLANG_WARN_UNREACHABLE_CODE = YES;
				CLANG_WARN__DUPLICATE_METHOD_MATCH = YES;
				COPY_PHASE_STRIP = NO;
				DEBUG_INFORMATION_FORMAT = "dwarf-with-dsym";
				ENABLE_NS_ASSERTIONS = NO;
				ENABLE_STRICT_OBJC_MSGSEND = YES;
				GCC_C_LANGUAGE_STANDARD = gnu11;
				GCC_NO_COMMON_BLOCKS = YES;
				GCC_WARN_64_TO_32_BIT_CONVERSION = YES;
				GCC_WARN_ABOUT_RETURN_TYPE = YES_ERROR;
				GCC_WARN_UNDECLARED_SELECTOR = YES;
				GCC_WARN_UNINITIALIZED_AUTOS = YES_AGGRESSIVE;
				GCC_WARN_UNUSED_FUNCTION = YES;
				GCC_WARN_UNUSED_VARIABLE = YES;
				IPHONEOS_DEPLOYMENT_TARGET = 14.5;
				MTL_ENABLE_DEBUG_INFO = NO;
				MTL_FAST_MATH = YES;
				SDKROOT = iphoneos;
				SWIFT_COMPILATION_MODE = wholemodule;
				SWIFT_OPTIMIZATION_LEVEL = "-O";
				VALIDATE_PRODUCT = YES;
			};
			name = Release;
		};
		FA24A33B26527B1F00B7488C /* Debug */ = {
			isa = XCBuildConfiguration;
			buildSettings = {
				ASSETCATALOG_COMPILER_APPICON_NAME = AppIcon;
				ASSETCATALOG_COMPILER_GLOBAL_ACCENT_COLOR_NAME = AccentColor;
				CODE_SIGN_STYLE = Automatic;
				DEVELOPMENT_TEAM = 6RTGYW27K3;
				INFOPLIST_FILE = LocationNote/Info.plist;
				LD_RUNPATH_SEARCH_PATHS = (
					"$(inherited)",
					"@executable_path/Frameworks",
				);
				PRODUCT_BUNDLE_IDENTIFIER = Alexander.LocationNote;
				PRODUCT_NAME = "$(TARGET_NAME)";
				SWIFT_VERSION = 5.0;
				TARGETED_DEVICE_FAMILY = "1,2";
			};
			name = Debug;
		};
		FA24A33C26527B1F00B7488C /* Release */ = {
			isa = XCBuildConfiguration;
			buildSettings = {
				ASSETCATALOG_COMPILER_APPICON_NAME = AppIcon;
				ASSETCATALOG_COMPILER_GLOBAL_ACCENT_COLOR_NAME = AccentColor;
				CODE_SIGN_STYLE = Automatic;
				DEVELOPMENT_TEAM = 6RTGYW27K3;
				INFOPLIST_FILE = LocationNote/Info.plist;
				LD_RUNPATH_SEARCH_PATHS = (
					"$(inherited)",
					"@executable_path/Frameworks",
				);
				PRODUCT_BUNDLE_IDENTIFIER = Alexander.LocationNote;
				PRODUCT_NAME = "$(TARGET_NAME)";
				SWIFT_VERSION = 5.0;
				TARGETED_DEVICE_FAMILY = "1,2";
			};
			name = Release;
		};
/* End XCBuildConfiguration section */

/* Begin XCConfigurationList section */
		FA24A31E26527B1E00B7488C /* Build configuration list for PBXProject "LocationNote" */ = {
			isa = XCConfigurationList;
			buildConfigurations = (
				FA24A33826527B1F00B7488C /* Debug */,
				FA24A33926527B1F00B7488C /* Release */,
			);
			defaultConfigurationIsVisible = 0;
			defaultConfigurationName = Release;
		};
		FA24A33A26527B1F00B7488C /* Build configuration list for PBXNativeTarget "LocationNote" */ = {
			isa = XCConfigurationList;
			buildConfigurations = (
				FA24A33B26527B1F00B7488C /* Debug */,
				FA24A33C26527B1F00B7488C /* Release */,
			);
			defaultConfigurationIsVisible = 0;
			defaultConfigurationName = Release;
		};
/* End XCConfigurationList section */

/* Begin XCVersionGroup section */
		FA24A32F26527B1E00B7488C /* LocationNote.xcdatamodeld */ = {
			isa = XCVersionGroup;
			children = (
				FA24A33026527B1E00B7488C /* LocationNote.xcdatamodel */,
			);
			currentVersion = FA24A33026527B1E00B7488C /* LocationNote.xcdatamodel */;
			path = LocationNote.xcdatamodeld;
			sourceTree = "<group>";
			versionGroupType = wrapper.xcdatamodel;
		};
/* End XCVersionGroup section */
	};
	rootObject = FA24A31B26527B1E00B7488C /* Project object */;
}
